// !$*UTF8*$!
{
	archiveVersion = 1;
	classes = {
	};
	objectVersion = 55;
	objects = {

/* Begin PBXBuildFile section */
		373744B028C341CC00BD3970 /* UserModel.swift in Sources */ = {isa = PBXBuildFile; fileRef = 373744AF28C341CC00BD3970 /* UserModel.swift */; };
		377058BE28C23920005D7B9B /* LoginView.swift in Sources */ = {isa = PBXBuildFile; fileRef = 377058BD28C23920005D7B9B /* LoginView.swift */; };
		377058C028C23A24005D7B9B /* AcountView.swift in Sources */ = {isa = PBXBuildFile; fileRef = 377058BF28C23A24005D7B9B /* AcountView.swift */; };
		377058C328C2469F005D7B9B /* PurchasesModel.swift in Sources */ = {isa = PBXBuildFile; fileRef = 377058C228C2469F005D7B9B /* PurchasesModel.swift */; };
		377058C528C24728005D7B9B /* AccountViewModel.swift in Sources */ = {isa = PBXBuildFile; fileRef = 377058C428C24728005D7B9B /* AccountViewModel.swift */; };
		89AAF96A28C20898003B73B3 /* _2_live_3sept2022_observableObjectApp.swift in Sources */ = {isa = PBXBuildFile; fileRef = 89AAF96928C20898003B73B3 /* _2_live_3sept2022_observableObjectApp.swift */; };
		89AAF96C28C20898003B73B3 /* ContentView.swift in Sources */ = {isa = PBXBuildFile; fileRef = 89AAF96B28C20898003B73B3 /* ContentView.swift */; };
		89AAF96E28C20899003B73B3 /* Assets.xcassets in Resources */ = {isa = PBXBuildFile; fileRef = 89AAF96D28C20899003B73B3 /* Assets.xcassets */; };
		89AAF97128C20899003B73B3 /* Preview Assets.xcassets in Resources */ = {isa = PBXBuildFile; fileRef = 89AAF97028C20899003B73B3 /* Preview Assets.xcassets */; };
/* End PBXBuildFile section */

/* Begin PBXFileReference section */
		373744AF28C341CC00BD3970 /* UserModel.swift */ = {isa = PBXFileReference; lastKnownFileType = sourcecode.swift; path = UserModel.swift; sourceTree = "<group>"; };
		377058BD28C23920005D7B9B /* LoginView.swift */ = {isa = PBXFileReference; lastKnownFileType = sourcecode.swift; path = LoginView.swift; sourceTree = "<group>"; };
		377058BF28C23A24005D7B9B /* AcountView.swift */ = {isa = PBXFileReference; lastKnownFileType = sourcecode.swift; path = AcountView.swift; sourceTree = "<group>"; };
		377058C228C2469F005D7B9B /* PurchasesModel.swift */ = {isa = PBXFileReference; lastKnownFileType = sourcecode.swift; path = PurchasesModel.swift; sourceTree = "<group>"; };
		377058C428C24728005D7B9B /* AccountViewModel.swift */ = {isa = PBXFileReference; lastKnownFileType = sourcecode.swift; path = AccountViewModel.swift; sourceTree = "<group>"; };
		89AAF96628C20898003B73B3 /* 02-live-3sept2022-observableObject.app */ = {isa = PBXFileReference; explicitFileType = wrapper.application; includeInIndex = 0; path = "02-live-3sept2022-observableObject.app"; sourceTree = BUILT_PRODUCTS_DIR; };
		89AAF96928C20898003B73B3 /* _2_live_3sept2022_observableObjectApp.swift */ = {isa = PBXFileReference; lastKnownFileType = sourcecode.swift; path = _2_live_3sept2022_observableObjectApp.swift; sourceTree = "<group>"; };
		89AAF96B28C20898003B73B3 /* ContentView.swift */ = {isa = PBXFileReference; lastKnownFileType = sourcecode.swift; path = ContentView.swift; sourceTree = "<group>"; };
		89AAF96D28C20899003B73B3 /* Assets.xcassets */ = {isa = PBXFileReference; lastKnownFileType = folder.assetcatalog; path = Assets.xcassets; sourceTree = "<group>"; };
		89AAF97028C20899003B73B3 /* Preview Assets.xcassets */ = {isa = PBXFileReference; lastKnownFileType = folder.assetcatalog; path = "Preview Assets.xcassets"; sourceTree = "<group>"; };
/* End PBXFileReference section */

/* Begin PBXFrameworksBuildPhase section */
		89AAF96328C20898003B73B3 /* Frameworks */ = {
			isa = PBXFrameworksBuildPhase;
			buildActionMask = 2147483647;
			files = (
			);
			runOnlyForDeploymentPostprocessing = 0;
		};
/* End PBXFrameworksBuildPhase section */

/* Begin PBXGroup section */
		377058BB28C22E45005D7B9B /* View */ = {
			isa = PBXGroup;
			children = (
				89AAF96B28C20898003B73B3 /* ContentView.swift */,
				377058BD28C23920005D7B9B /* LoginView.swift */,
				377058BF28C23A24005D7B9B /* AcountView.swift */,
			);
			path = View;
			sourceTree = "<group>";
		};
		377058BC28C22E74005D7B9B /* View Model */ = {
			isa = PBXGroup;
			children = (
				377058C428C24728005D7B9B /* AccountViewModel.swift */,
			);
			path = "View Model";
			sourceTree = "<group>";
		};
		377058C128C24634005D7B9B /* Model */ = {
			isa = PBXGroup;
			children = (
				377058C228C2469F005D7B9B /* PurchasesModel.swift */,
				373744AF28C341CC00BD3970 /* UserModel.swift */,
			);
			path = Model;
			sourceTree = "<group>";
		};
		89AAF95D28C20898003B73B3 = {
			isa = PBXGroup;
			children = (
				89AAF96828C20898003B73B3 /* 02-live-3sept2022-observableObject */,
				89AAF96728C20898003B73B3 /* Products */,
			);
			sourceTree = "<group>";
		};
		89AAF96728C20898003B73B3 /* Products */ = {
			isa = PBXGroup;
			children = (
				89AAF96628C20898003B73B3 /* 02-live-3sept2022-observableObject.app */,
			);
			name = Products;
			sourceTree = "<group>";
		};
		89AAF96828C20898003B73B3 /* 02-live-3sept2022-observableObject */ = {
			isa = PBXGroup;
			children = (
				89AAF96928C20898003B73B3 /* _2_live_3sept2022_observableObjectApp.swift */,
				377058C128C24634005D7B9B /* Model */,
				377058BB28C22E45005D7B9B /* View */,
				377058BC28C22E74005D7B9B /* View Model */,
				89AAF96D28C20899003B73B3 /* Assets.xcassets */,
				89AAF96F28C20899003B73B3 /* Preview Content */,
			);
			path = "02-live-3sept2022-observableObject";
			sourceTree = "<group>";
		};
		89AAF96F28C20899003B73B3 /* Preview Content */ = {
			isa = PBXGroup;
			children = (
				89AAF97028C20899003B73B3 /* Preview Assets.xcassets */,
			);
			path = "Preview Content";
			sourceTree = "<group>";
		};
/* End PBXGroup section */

/* Begin PBXNativeTarget section */
		89AAF96528C20898003B73B3 /* 02-live-3sept2022-observableObject */ = {
			isa = PBXNativeTarget;
			buildConfigurationList = 89AAF97428C20899003B73B3 /* Build configuration list for PBXNativeTarget "02-live-3sept2022-observableObject" */;
			buildPhases = (
				89AAF96228C20898003B73B3 /* Sources */,
				89AAF96328C20898003B73B3 /* Frameworks */,
				89AAF96428C20898003B73B3 /* Resources */,
			);
			buildRules = (
			);
			dependencies = (
			);
			name = "02-live-3sept2022-observableObject";
			productName = "02-live-3sept2022-observableObject";
			productReference = 89AAF96628C20898003B73B3 /* 02-live-3sept2022-observableObject.app */;
			productType = "com.apple.product-type.application";
		};
/* End PBXNativeTarget section */

/* Begin PBXProject section */
		89AAF95E28C20898003B73B3 /* Project object */ = {
			isa = PBXProject;
			attributes = {
				BuildIndependentTargetsInParallel = 1;
				LastSwiftUpdateCheck = 1340;
				LastUpgradeCheck = 1340;
				TargetAttributes = {
					89AAF96528C20898003B73B3 = {
						CreatedOnToolsVersion = 13.4;
					};
				};
			};
			buildConfigurationList = 89AAF96128C20898003B73B3 /* Build configuration list for PBXProject "02-live-3sept2022-observableObject" */;
			compatibilityVersion = "Xcode 13.0";
			developmentRegion = en;
			hasScannedForEncodings = 0;
			knownRegions = (
				en,
				Base,
			);
			mainGroup = 89AAF95D28C20898003B73B3;
			productRefGroup = 89AAF96728C20898003B73B3 /* Products */;
			projectDirPath = "";
			projectRoot = "";
			targets = (
				89AAF96528C20898003B73B3 /* 02-live-3sept2022-observableObject */,
			);
		};
/* End PBXProject section */

/* Begin PBXResourcesBuildPhase section */
		89AAF96428C20898003B73B3 /* Resources */ = {
			isa = PBXResourcesBuildPhase;
			buildActionMask = 2147483647;
			files = (
				89AAF97128C20899003B73B3 /* Preview Assets.xcassets in Resources */,
				89AAF96E28C20899003B73B3 /* Assets.xcassets in Resources */,
			);
			runOnlyForDeploymentPostprocessing = 0;
		};
/* End PBXResourcesBuildPhase section */

/* Begin PBXSourcesBuildPhase section */
		89AAF96228C20898003B73B3 /* Sources */ = {
			isa = PBXSourcesBuildPhase;
			buildActionMask = 2147483647;
			files = (
				377058C028C23A24005D7B9B /* AcountView.swift in Sources */,
				373744B028C341CC00BD3970 /* UserModel.swift in Sources */,
				377058BE28C23920005D7B9B /* LoginView.swift in Sources */,
				89AAF96C28C20898003B73B3 /* ContentView.swift in Sources */,
				377058C328C2469F005D7B9B /* PurchasesModel.swift in Sources */,
				377058C528C24728005D7B9B /* AccountViewModel.swift in Sources */,
				89AAF96A28C20898003B73B3 /* _2_live_3sept2022_observableObjectApp.swift in Sources */,
			);
			runOnlyForDeploymentPostprocessing = 0;
		};
/* End PBXSourcesBuildPhase section */

/* Begin XCBuildConfiguration section */
		89AAF97228C20899003B73B3 /* Debug */ = {
			isa = XCBuildConfiguration;
			buildSettings = {
				ALWAYS_SEARCH_USER_PATHS = NO;
				CLANG_ANALYZER_NONNULL = YES;
				CLANG_ANALYZER_NUMBER_OBJECT_CONVERSION = YES_AGGRESSIVE;
				CLANG_CXX_LANGUAGE_STANDARD = "gnu++17";
				CLANG_ENABLE_MODULES = YES;
				CLANG_ENABLE_OBJC_ARC = YES;
				CLANG_ENABLE_OBJC_WEAK = YES;
				CLANG_WARN_BLOCK_CAPTURE_AUTORELEASING = YES;
				CLANG_WARN_BOOL_CONVERSION = YES;
				CLANG_WARN_COMMA = YES;
				CLANG_WARN_CONSTANT_CONVERSION = YES;
				CLANG_WARN_DEPRECATED_OBJC_IMPLEMENTATIONS = YES;
				CLANG_WARN_DIRECT_OBJC_ISA_USAGE = YES_ERROR;
				CLANG_WARN_DOCUMENTATION_COMMENTS = YES;
				CLANG_WARN_EMPTY_BODY = YES;
				CLANG_WARN_ENUM_CONVERSION = YES;
				CLANG_WARN_INFINITE_RECURSION = YES;
				CLANG_WARN_INT_CONVERSION = YES;
				CLANG_WARN_NON_LITERAL_NULL_CONVERSION = YES;
				CLANG_WARN_OBJC_IMPLICIT_RETAIN_SELF = YES;
				CLANG_WARN_OBJC_LITERAL_CONVERSION = YES;
				CLANG_WARN_OBJC_ROOT_CLASS = YES_ERROR;
				CLANG_WARN_QUOTED_INCLUDE_IN_FRAMEWORK_HEADER = YES;
				CLANG_WARN_RANGE_LOOP_ANALYSIS = YES;
				CLANG_WARN_STRICT_PROTOTYPES = YES;
				CLANG_WARN_SUSPICIOUS_MOVE = YES;
				CLANG_WARN_UNGUARDED_AVAILABILITY = YES_AGGRESSIVE;
				CLANG_WARN_UNREACHABLE_CODE = YES;
				CLANG_WARN__DUPLICATE_METHOD_MATCH = YES;
				COPY_PHASE_STRIP = NO;
				DEBUG_INFORMATION_FORMAT = dwarf;
				ENABLE_STRICT_OBJC_MSGSEND = YES;
				ENABLE_TESTABILITY = YES;
				GCC_C_LANGUAGE_STANDARD = gnu11;
				GCC_DYNAMIC_NO_PIC = NO;
				GCC_NO_COMMON_BLOCKS = YES;
				GCC_OPTIMIZATION_LEVEL = 0;
				GCC_PREPROCESSOR_DEFINITIONS = (
					"DEBUG=1",
					"$(inherited)",
				);
				GCC_WARN_64_TO_32_BIT_CONVERSION = YES;
				GCC_WARN_ABOUT_RETURN_TYPE = YES_ERROR;
				GCC_WARN_UNDECLARED_SELECTOR = YES;
				GCC_WARN_UNINITIALIZED_AUTOS = YES_AGGRESSIVE;
				GCC_WARN_UNUSED_FUNCTION = YES;
				GCC_WARN_UNUSED_VARIABLE = YES;
				IPHONEOS_DEPLOYMENT_TARGET = 15.5;
				MTL_ENABLE_DEBUG_INFO = INCLUDE_SOURCE;
				MTL_FAST_MATH = YES;
				ONLY_ACTIVE_ARCH = YES;
				SDKROOT = iphoneos;
				SWIFT_ACTIVE_COMPILATION_CONDITIONS = DEBUG;
				SWIFT_OPTIMIZATION_LEVEL = "-Onone";
			};
			name = Debug;
		};
		89AAF97328C20899003B73B3 /* Release */ = {
			isa = XCBuildConfiguration;
			buildSettings = {
				ALWAYS_SEARCH_USER_PATHS = NO;
				CLANG_ANALYZER_NONNULL = YES;
				CLANG_ANALYZER_NUMBER_OBJECT_CONVERSION = YES_AGGRESSIVE;
				CLANG_CXX_LANGUAGE_STANDARD = "gnu++17";
				CLANG_ENABLE_MODULES = YES;
				CLANG_ENABLE_OBJC_ARC = YES;
				CLANG_ENABLE_OBJC_WEAK = YES;
				CLANG_WARN_BLOCK_CAPTURE_AUTORELEASING = YES;
				CLANG_WARN_BOOL_CONVERSION = YES;
				CLANG_WARN_COMMA = YES;
				CLANG_WARN_CONSTANT_CONVERSION = YES;
				CLANG_WARN_DEPRECATED_OBJC_IMPLEMENTATIONS = YES;
				CLANG_WARN_DIRECT_OBJC_ISA_USAGE = YES_ERROR;
				CLANG_WARN_DOCUMENTATION_COMMENTS = YES;
				CLANG_WARN_EMPTY_BODY = YES;
				CLANG_WARN_ENUM_CONVERSION = YES;
				CLANG_WARN_INFINITE_RECURSION = YES;
				CLANG_WARN_INT_CONVERSION = YES;
				CLANG_WARN_NON_LITERAL_NULL_CONVERSION = YES;
				CLANG_WARN_OBJC_IMPLICIT_RETAIN_SELF = YES;
				CLANG_WARN_OBJC_LITERAL_CONVERSION = YES;
				CLANG_WARN_OBJC_ROOT_CLASS = YES_ERROR;
				CLANG_WARN_QUOTED_INCLUDE_IN_FRAMEWORK_HEADER = YES;
				CLANG_WARN_RANGE_LOOP_ANALYSIS = YES;
				CLANG_WARN_STRICT_PROTOTYPES = YES;
				CLANG_WARN_SUSPICIOUS_MOVE = YES;
				CLANG_WARN_UNGUARDED_AVAILABILITY = YES_AGGRESSIVE;
				CLANG_WARN_UNREACHABLE_CODE = YES;
				CLANG_WARN__DUPLICATE_METHOD_MATCH = YES;
				COPY_PHASE_STRIP = NO;
				DEBUG_INFORMATION_FORMAT = "dwarf-with-dsym";
				ENABLE_NS_ASSERTIONS = NO;
				ENABLE_STRICT_OBJC_MSGSEND = YES;
				GCC_C_LANGUAGE_STANDARD = gnu11;
				GCC_NO_COMMON_BLOCKS = YES;
				GCC_WARN_64_TO_32_BIT_CONVERSION = YES;
				GCC_WARN_ABOUT_RETURN_TYPE = YES_ERROR;
				GCC_WARN_UNDECLARED_SELECTOR = YES;
				GCC_WARN_UNINITIALIZED_AUTOS = YES_AGGRESSIVE;
				GCC_WARN_UNUSED_FUNCTION = YES;
				GCC_WARN_UNUSED_VARIABLE = YES;
				IPHONEOS_DEPLOYMENT_TARGET = 15.5;
				MTL_ENABLE_DEBUG_INFO = NO;
				MTL_FAST_MATH = YES;
				SDKROOT = iphoneos;
				SWIFT_COMPILATION_MODE = wholemodule;
				SWIFT_OPTIMIZATION_LEVEL = "-O";
				VALIDATE_PRODUCT = YES;
			};
			name = Release;
		};
		89AAF97528C20899003B73B3 /* Debug */ = {
			isa = XCBuildConfiguration;
			buildSettings = {
				ASSETCATALOG_COMPILER_APPICON_NAME = AppIcon;
				ASSETCATALOG_COMPILER_GLOBAL_ACCENT_COLOR_NAME = AccentColor;
				CODE_SIGN_STYLE = Automatic;
				CURRENT_PROJECT_VERSION = 1;
				DEVELOPMENT_ASSET_PATHS = "\"02-live-3sept2022-observableObject/Preview Content\"";
				DEVELOPMENT_TEAM = SV32QZFP9X;
				ENABLE_PREVIEWS = YES;
				GENERATE_INFOPLIST_FILE = YES;
				INFOPLIST_KEY_UIApplicationSceneManifest_Generation = YES;
				INFOPLIST_KEY_UIApplicationSupportsIndirectInputEvents = YES;
				INFOPLIST_KEY_UILaunchScreen_Generation = YES;
				INFOPLIST_KEY_UISupportedInterfaceOrientations_iPad = "UIInterfaceOrientationPortrait UIInterfaceOrientationPortraitUpsideDown UIInterfaceOrientationLandscapeLeft UIInterfaceOrientationLandscapeRight";
				INFOPLIST_KEY_UISupportedInterfaceOrientations_iPhone = "UIInterfaceOrientationPortrait UIInterfaceOrientationLandscapeLeft UIInterfaceOrientationLandscapeRight";
				LD_RUNPATH_SEARCH_PATHS = (
					"$(inherited)",
					"@executable_path/Frameworks",
				);
				MARKETING_VERSION = 1.0;
				PRODUCT_BUNDLE_IDENTIFIER = "com.martres.-2-live-3sept2022-observableObject";
				PRODUCT_NAME = "$(TARGET_NAME)";
				SWIFT_EMIT_LOC_STRINGS = YES;
				SWIFT_VERSION = 5.0;
				TARGETED_DEVICE_FAMILY = "1,2";
			};
			name = Debug;
		};
		89AAF97628C20899003B73B3 /* Release */ = {
			isa = XCBuildConfiguration;
			buildSettings = {
				ASSETCATALOG_COMPILER_APPICON_NAME = AppIcon;
				ASSETCATALOG_COMPILER_GLOBAL_ACCENT_COLOR_NAME = AccentColor;
				CODE_SIGN_STYLE = Automatic;
				CURRENT_PROJECT_VERSION = 1;
				DEVELOPMENT_ASSET_PATHS = "\"02-live-3sept2022-observableObject/Preview Content\"";
				DEVELOPMENT_TEAM = SV32QZFP9X;
				ENABLE_PREVIEWS = YES;
				GENERATE_INFOPLIST_FILE = YES;
				INFOPLIST_KEY_UIApplicationSceneManifest_Generation = YES;
				INFOPLIST_KEY_UIApplicationSupportsIndirectInputEvents = YES;
				INFOPLIST_KEY_UILaunchScreen_Generation = YES;
				INFOPLIST_KEY_UISupportedInterfaceOrientations_iPad = "UIInterfaceOrientationPortrait UIInterfaceOrientationPortraitUpsideDown UIInterfaceOrientationLandscapeLeft UIInterfaceOrientationLandscapeRight";
				INFOPLIST_KEY_UISupportedInterfaceOrientations_iPhone = "UIInterfaceOrientationPortrait UIInterfaceOrientationLandscapeLeft UIInterfaceOrientationLandscapeRight";
				LD_RUNPATH_SEARCH_PATHS = (
					"$(inherited)",
					"@executable_path/Frameworks",
				);
				MARKETING_VERSION = 1.0;
				PRODUCT_BUNDLE_IDENTIFIER = "com.martres.-2-live-3sept2022-observableObject";
				PRODUCT_NAME = "$(TARGET_NAME)";
				SWIFT_EMIT_LOC_STRINGS = YES;
				SWIFT_VERSION = 5.0;
				TARGETED_DEVICE_FAMILY = "1,2";
			};
			name = Release;
		};
/* End XCBuildConfiguration section */

/* Begin XCConfigurationList section */
		89AAF96128C20898003B73B3 /* Build configuration list for PBXProject "02-live-3sept2022-observableObject" */ = {
			isa = XCConfigurationList;
			buildConfigurations = (
				89AAF97228C20899003B73B3 /* Debug */,
				89AAF97328C20899003B73B3 /* Release */,
			);
			defaultConfigurationIsVisible = 0;
			defaultConfigurationName = Release;
		};
		89AAF97428C20899003B73B3 /* Build configuration list for PBXNativeTarget "02-live-3sept2022-observableObject" */ = {
			isa = XCConfigurationList;
			buildConfigurations = (
				89AAF97528C20899003B73B3 /* Debug */,
				89AAF97628C20899003B73B3 /* Release */,
			);
			defaultConfigurationIsVisible = 0;
			defaultConfigurationName = Release;
		};
/* End XCConfigurationList section */
	};
	rootObject = 89AAF95E28C20898003B73B3 /* Project object */;
}
